// !$*UTF8*$!
{
	archiveVersion = 1;
	classes = {
	};
	objectVersion = 46;
	objects = {

/* Begin PBXBuildFile section */
		4AAA0E83B32BC3E6F85D2F1F /* Pods_ldaqiangl_DependencyPackageTests.framework in Frameworks */ = {isa = PBXBuildFile; fileRef = 555B20C517B6EB1D6A2217CD /* Pods_ldaqiangl_DependencyPackageTests.framework */; };
		70F537F71E73047A00244A4B /* main.m in Sources */ = {isa = PBXBuildFile; fileRef = 70F537F61E73047A00244A4B /* main.m */; };
		70F537FA1E73047A00244A4B /* AppDelegate.m in Sources */ = {isa = PBXBuildFile; fileRef = 70F537F91E73047A00244A4B /* AppDelegate.m */; };
		70F537FD1E73047A00244A4B /* ViewController.m in Sources */ = {isa = PBXBuildFile; fileRef = 70F537FC1E73047A00244A4B /* ViewController.m */; };
		70F538001E73047A00244A4B /* Main.storyboard in Resources */ = {isa = PBXBuildFile; fileRef = 70F537FE1E73047A00244A4B /* Main.storyboard */; };
		70F538031E73047A00244A4B /* ldaqiangl_DependencyPackage.xcdatamodeld in Sources */ = {isa = PBXBuildFile; fileRef = 70F538011E73047A00244A4B /* ldaqiangl_DependencyPackage.xcdatamodeld */; };
		70F538051E73047A00244A4B /* Assets.xcassets in Resources */ = {isa = PBXBuildFile; fileRef = 70F538041E73047A00244A4B /* Assets.xcassets */; };
		70F538081E73047A00244A4B /* LaunchScreen.storyboard in Resources */ = {isa = PBXBuildFile; fileRef = 70F538061E73047A00244A4B /* LaunchScreen.storyboard */; };
		70F538131E73047A00244A4B /* ldaqiangl_DependencyPackageTests.m in Sources */ = {isa = PBXBuildFile; fileRef = 70F538121E73047A00244A4B /* ldaqiangl_DependencyPackageTests.m */; };
		70F5381E1E73047A00244A4B /* ldaqiangl_DependencyPackageUITests.m in Sources */ = {isa = PBXBuildFile; fileRef = 70F5381D1E73047A00244A4B /* ldaqiangl_DependencyPackageUITests.m */; };
		EFE245916AA77C1D0C23E1AD /* Pods_ldaqiangl_DependencyPackage.framework in Frameworks */ = {isa = PBXBuildFile; fileRef = 5123ABFB212107A49C59FEB5 /* Pods_ldaqiangl_DependencyPackage.framework */; };
/* End PBXBuildFile section */

/* Begin PBXContainerItemProxy section */
		70F5380F1E73047A00244A4B /* PBXContainerItemProxy */ = {
			isa = PBXContainerItemProxy;
			containerPortal = 70F537EA1E73047A00244A4B /* Project object */;
			proxyType = 1;
			remoteGlobalIDString = 70F537F11E73047A00244A4B;
			remoteInfo = ldaqiangl_DependencyPackage;
		};
		70F5381A1E73047A00244A4B /* PBXContainerItemProxy */ = {
			isa = PBXContainerItemProxy;
			containerPortal = 70F537EA1E73047A00244A4B /* Project object */;
			proxyType = 1;
			remoteGlobalIDString = 70F537F11E73047A00244A4B;
			remoteInfo = ldaqiangl_DependencyPackage;
		};
/* End PBXContainerItemProxy section */

/* Begin PBXFileReference section */
		31885AFF1EE620306B4B0160 /* Pods-ldaqiangl_DependencyPackageTests.release.xcconfig */ = {isa = PBXFileReference; includeInIndex = 1; lastKnownFileType = text.xcconfig; name = "Pods-ldaqiangl_DependencyPackageTests.release.xcconfig"; path = "Pods/Target Support Files/Pods-ldaqiangl_DependencyPackageTests/Pods-ldaqiangl_DependencyPackageTests.release.xcconfig"; sourceTree = "<group>"; };
		3674B9FC2CA859405F73D7F8 /* Pods-ldaqiangl_DependencyPackageTests.debug.xcconfig */ = {isa = PBXFileReference; includeInIndex = 1; lastKnownFileType = text.xcconfig; name = "Pods-ldaqiangl_DependencyPackageTests.debug.xcconfig"; path = "Pods/Target Support Files/Pods-ldaqiangl_DependencyPackageTests/Pods-ldaqiangl_DependencyPackageTests.debug.xcconfig"; sourceTree = "<group>"; };
		5123ABFB212107A49C59FEB5 /* Pods_ldaqiangl_DependencyPackage.framework */ = {isa = PBXFileReference; explicitFileType = wrapper.framework; includeInIndex = 0; path = Pods_ldaqiangl_DependencyPackage.framework; sourceTree = BUILT_PRODUCTS_DIR; };
		555B20C517B6EB1D6A2217CD /* Pods_ldaqiangl_DependencyPackageTests.framework */ = {isa = PBXFileReference; explicitFileType = wrapper.framework; includeInIndex = 0; path = Pods_ldaqiangl_DependencyPackageTests.framework; sourceTree = BUILT_PRODUCTS_DIR; };
		591DD6D101E2FA8C94B79723 /* Pods-ldaqiangl_DependencyPackage.release.xcconfig */ = {isa = PBXFileReference; includeInIndex = 1; lastKnownFileType = text.xcconfig; name = "Pods-ldaqiangl_DependencyPackage.release.xcconfig"; path = "Pods/Target Support Files/Pods-ldaqiangl_DependencyPackage/Pods-ldaqiangl_DependencyPackage.release.xcconfig"; sourceTree = "<group>"; };
		70F537F21E73047A00244A4B /* ldaqiangl_DependencyPackage.app */ = {isa = PBXFileReference; explicitFileType = wrapper.application; includeInIndex = 0; path = ldaqiangl_DependencyPackage.app; sourceTree = BUILT_PRODUCTS_DIR; };
		70F537F61E73047A00244A4B /* main.m */ = {isa = PBXFileReference; lastKnownFileType = sourcecode.c.objc; path = main.m; sourceTree = "<group>"; };
		70F537F81E73047A00244A4B /* AppDelegate.h */ = {isa = PBXFileReference; lastKnownFileType = sourcecode.c.h; path = AppDelegate.h; sourceTree = "<group>"; };
		70F537F91E73047A00244A4B /* AppDelegate.m */ = {isa = PBXFileReference; lastKnownFileType = sourcecode.c.objc; path = AppDelegate.m; sourceTree = "<group>"; };
		70F537FB1E73047A00244A4B /* ViewController.h */ = {isa = PBXFileReference; lastKnownFileType = sourcecode.c.h; path = ViewController.h; sourceTree = "<group>"; };
		70F537FC1E73047A00244A4B /* ViewController.m */ = {isa = PBXFileReference; lastKnownFileType = sourcecode.c.objc; path = ViewController.m; sourceTree = "<group>"; };
		70F537FF1E73047A00244A4B /* Base */ = {isa = PBXFileReference; lastKnownFileType = file.storyboard; name = Base; path = Base.lproj/Main.storyboard; sourceTree = "<group>"; };
		70F538021E73047A00244A4B /* ldaqiangl_DependencyPackage.xcdatamodel */ = {isa = PBXFileReference; lastKnownFileType = wrapper.xcdatamodel; path = ldaqiangl_DependencyPackage.xcdatamodel; sourceTree = "<group>"; };
		70F538041E73047A00244A4B /* Assets.xcassets */ = {isa = PBXFileReference; lastKnownFileType = folder.assetcatalog; path = Assets.xcassets; sourceTree = "<group>"; };
		70F538071E73047A00244A4B /* Base */ = {isa = PBXFileReference; lastKnownFileType = file.storyboard; name = Base; path = Base.lproj/LaunchScreen.storyboard; sourceTree = "<group>"; };
		70F538091E73047A00244A4B /* Info.plist */ = {isa = PBXFileReference; lastKnownFileType = text.plist.xml; path = Info.plist; sourceTree = "<group>"; };
		70F5380E1E73047A00244A4B /* ldaqiangl_DependencyPackageTests.xctest */ = {isa = PBXFileReference; explicitFileType = wrapper.cfbundle; includeInIndex = 0; path = ldaqiangl_DependencyPackageTests.xctest; sourceTree = BUILT_PRODUCTS_DIR; };
		70F538121E73047A00244A4B /* ldaqiangl_DependencyPackageTests.m */ = {isa = PBXFileReference; lastKnownFileType = sourcecode.c.objc; path = ldaqiangl_DependencyPackageTests.m; sourceTree = "<group>"; };
		70F538141E73047A00244A4B /* Info.plist */ = {isa = PBXFileReference; lastKnownFileType = text.plist.xml; path = Info.plist; sourceTree = "<group>"; };
		70F538191E73047A00244A4B /* ldaqiangl_DependencyPackageUITests.xctest */ = {isa = PBXFileReference; explicitFileType = wrapper.cfbundle; includeInIndex = 0; path = ldaqiangl_DependencyPackageUITests.xctest; sourceTree = BUILT_PRODUCTS_DIR; };
		70F5381D1E73047A00244A4B /* ldaqiangl_DependencyPackageUITests.m */ = {isa = PBXFileReference; lastKnownFileType = sourcecode.c.objc; path = ldaqiangl_DependencyPackageUITests.m; sourceTree = "<group>"; };
		70F5381F1E73047A00244A4B /* Info.plist */ = {isa = PBXFileReference; lastKnownFileType = text.plist.xml; path = Info.plist; sourceTree = "<group>"; };
		81AEAC67B048B0F5F63F5A14 /* Pods-ldaqiangl_DependencyPackage.debug.xcconfig */ = {isa = PBXFileReference; includeInIndex = 1; lastKnownFileType = text.xcconfig; name = "Pods-ldaqiangl_DependencyPackage.debug.xcconfig"; path = "Pods/Target Support Files/Pods-ldaqiangl_DependencyPackage/Pods-ldaqiangl_DependencyPackage.debug.xcconfig"; sourceTree = "<group>"; };
/* End PBXFileReference section */

/* Begin PBXFrameworksBuildPhase section */
		70F537EF1E73047A00244A4B /* Frameworks */ = {
			isa = PBXFrameworksBuildPhase;
			buildActionMask = 2147483647;
			files = (
				EFE245916AA77C1D0C23E1AD /* Pods_ldaqiangl_DependencyPackage.framework in Frameworks */,
			);
			runOnlyForDeploymentPostprocessing = 0;
		};
		70F5380B1E73047A00244A4B /* Frameworks */ = {
			isa = PBXFrameworksBuildPhase;
			buildActionMask = 2147483647;
			files = (
				4AAA0E83B32BC3E6F85D2F1F /* Pods_ldaqiangl_DependencyPackageTests.framework in Frameworks */,
			);
			runOnlyForDeploymentPostprocessing = 0;
		};
		70F538161E73047A00244A4B /* Frameworks */ = {
			isa = PBXFrameworksBuildPhase;
			buildActionMask = 2147483647;
			files = (
			);
			runOnlyForDeploymentPostprocessing = 0;
		};
/* End PBXFrameworksBuildPhase section */

/* Begin PBXGroup section */
		3F36B8B4B866C621B0C16082 /* Pods */ = {
			isa = PBXGroup;
			children = (
				81AEAC67B048B0F5F63F5A14 /* Pods-ldaqiangl_DependencyPackage.debug.xcconfig */,
				591DD6D101E2FA8C94B79723 /* Pods-ldaqiangl_DependencyPackage.release.xcconfig */,
				3674B9FC2CA859405F73D7F8 /* Pods-ldaqiangl_DependencyPackageTests.debug.xcconfig */,
				31885AFF1EE620306B4B0160 /* Pods-ldaqiangl_DependencyPackageTests.release.xcconfig */,
			);
			name = Pods;
			sourceTree = "<group>";
		};
		70F537E91E73047A00244A4B = {
			isa = PBXGroup;
			children = (
				70F537F41E73047A00244A4B /* ldaqiangl_DependencyPackage */,
				70F538111E73047A00244A4B /* ldaqiangl_DependencyPackageTests */,
				70F5381C1E73047A00244A4B /* ldaqiangl_DependencyPackageUITests */,
				70F537F31E73047A00244A4B /* Products */,
				3F36B8B4B866C621B0C16082 /* Pods */,
				89D3CB427DA7F5A8A03F877A /* Frameworks */,
			);
			sourceTree = "<group>";
		};
		70F537F31E73047A00244A4B /* Products */ = {
			isa = PBXGroup;
			children = (
				70F537F21E73047A00244A4B /* ldaqiangl_DependencyPackage.app */,
				70F5380E1E73047A00244A4B /* ldaqiangl_DependencyPackageTests.xctest */,
				70F538191E73047A00244A4B /* ldaqiangl_DependencyPackageUITests.xctest */,
			);
			name = Products;
			sourceTree = "<group>";
		};
		70F537F41E73047A00244A4B /* ldaqiangl_DependencyPackage */ = {
			isa = PBXGroup;
			children = (
				70F537F81E73047A00244A4B /* AppDelegate.h */,
				70F537F91E73047A00244A4B /* AppDelegate.m */,
				70F537FB1E73047A00244A4B /* ViewController.h */,
				70F537FC1E73047A00244A4B /* ViewController.m */,
				70F537FE1E73047A00244A4B /* Main.storyboard */,
				70F538041E73047A00244A4B /* Assets.xcassets */,
				70F538061E73047A00244A4B /* LaunchScreen.storyboard */,
				70F538091E73047A00244A4B /* Info.plist */,
				70F538011E73047A00244A4B /* ldaqiangl_DependencyPackage.xcdatamodeld */,
				70F537F51E73047A00244A4B /* Supporting Files */,
			);
			path = ldaqiangl_DependencyPackage;
			sourceTree = "<group>";
		};
		70F537F51E73047A00244A4B /* Supporting Files */ = {
			isa = PBXGroup;
			children = (
				70F537F61E73047A00244A4B /* main.m */,
			);
			name = "Supporting Files";
			sourceTree = "<group>";
		};
		70F538111E73047A00244A4B /* ldaqiangl_DependencyPackageTests */ = {
			isa = PBXGroup;
			children = (
				70F538121E73047A00244A4B /* ldaqiangl_DependencyPackageTests.m */,
				70F538141E73047A00244A4B /* Info.plist */,
			);
			path = ldaqiangl_DependencyPackageTests;
			sourceTree = "<group>";
		};
		70F5381C1E73047A00244A4B /* ldaqiangl_DependencyPackageUITests */ = {
			isa = PBXGroup;
			children = (
				70F5381D1E73047A00244A4B /* ldaqiangl_DependencyPackageUITests.m */,
				70F5381F1E73047A00244A4B /* Info.plist */,
			);
			path = ldaqiangl_DependencyPackageUITests;
			sourceTree = "<group>";
		};
		89D3CB427DA7F5A8A03F877A /* Frameworks */ = {
			isa = PBXGroup;
			children = (
				5123ABFB212107A49C59FEB5 /* Pods_ldaqiangl_DependencyPackage.framework */,
				555B20C517B6EB1D6A2217CD /* Pods_ldaqiangl_DependencyPackageTests.framework */,
			);
			name = Frameworks;
			sourceTree = "<group>";
		};
/* End PBXGroup section */

/* Begin PBXNativeTarget section */
		70F537F11E73047A00244A4B /* ldaqiangl_DependencyPackage */ = {
			isa = PBXNativeTarget;
			buildConfigurationList = 70F538221E73047A00244A4B /* Build configuration list for PBXNativeTarget "ldaqiangl_DependencyPackage" */;
			buildPhases = (
				309700E1A5D237EE585DF36A /* [CP] Check Pods Manifest.lock */,
				70F537EE1E73047A00244A4B /* Sources */,
				70F537EF1E73047A00244A4B /* Frameworks */,
				70F537F01E73047A00244A4B /* Resources */,
				A675EE78E0FE16748EA0E45A /* [CP] Embed Pods Frameworks */,
				ED702DBD82B14F6E6D4E0753 /* [CP] Copy Pods Resources */,
			);
			buildRules = (
			);
			dependencies = (
			);
			name = ldaqiangl_DependencyPackage;
			productName = ldaqiangl_DependencyPackage;
			productReference = 70F537F21E73047A00244A4B /* ldaqiangl_DependencyPackage.app */;
			productType = "com.apple.product-type.application";
		};
		70F5380D1E73047A00244A4B /* ldaqiangl_DependencyPackageTests */ = {
			isa = PBXNativeTarget;
			buildConfigurationList = 70F538251E73047A00244A4B /* Build configuration list for PBXNativeTarget "ldaqiangl_DependencyPackageTests" */;
			buildPhases = (
				64BA154625C8CCB7277A6304 /* [CP] Check Pods Manifest.lock */,
				70F5380A1E73047A00244A4B /* Sources */,
				70F5380B1E73047A00244A4B /* Frameworks */,
				70F5380C1E73047A00244A4B /* Resources */,
				29F79B4660543E3D10E5A159 /* [CP] Embed Pods Frameworks */,
				A0EF84F7766B244385AE71FE /* [CP] Copy Pods Resources */,
			);
			buildRules = (
			);
			dependencies = (
				70F538101E73047A00244A4B /* PBXTargetDependency */,
			);
			name = ldaqiangl_DependencyPackageTests;
			productName = ldaqiangl_DependencyPackageTests;
			productReference = 70F5380E1E73047A00244A4B /* ldaqiangl_DependencyPackageTests.xctest */;
			productType = "com.apple.product-type.bundle.unit-test";
		};
		70F538181E73047A00244A4B /* ldaqiangl_DependencyPackageUITests */ = {
			isa = PBXNativeTarget;
			buildConfigurationList = 70F538281E73047A00244A4B /* Build configuration list for PBXNativeTarget "ldaqiangl_DependencyPackageUITests" */;
			buildPhases = (
				70F538151E73047A00244A4B /* Sources */,
				70F538161E73047A00244A4B /* Frameworks */,
				70F538171E73047A00244A4B /* Resources */,
			);
			buildRules = (
			);
			dependencies = (
				70F5381B1E73047A00244A4B /* PBXTargetDependency */,
			);
			name = ldaqiangl_DependencyPackageUITests;
			productName = ldaqiangl_DependencyPackageUITests;
			productReference = 70F538191E73047A00244A4B /* ldaqiangl_DependencyPackageUITests.xctest */;
			productType = "com.apple.product-type.bundle.ui-testing";
		};
/* End PBXNativeTarget section */

/* Begin PBXProject section */
		70F537EA1E73047A00244A4B /* Project object */ = {
			isa = PBXProject;
			attributes = {
				LastUpgradeCheck = 0820;
				ORGANIZATIONNAME = "董富强";
				TargetAttributes = {
					70F537F11E73047A00244A4B = {
						CreatedOnToolsVersion = 8.2.1;
						DevelopmentTeam = 499ZMK3BCX;
						ProvisioningStyle = Automatic;
					};
					70F5380D1E73047A00244A4B = {
						CreatedOnToolsVersion = 8.2.1;
						DevelopmentTeam = 499ZMK3BCX;
						ProvisioningStyle = Automatic;
						TestTargetID = 70F537F11E73047A00244A4B;
					};
					70F538181E73047A00244A4B = {
						CreatedOnToolsVersion = 8.2.1;
						DevelopmentTeam = 499ZMK3BCX;
						ProvisioningStyle = Automatic;
						TestTargetID = 70F537F11E73047A00244A4B;
					};
				};
			};
			buildConfigurationList = 70F537ED1E73047A00244A4B /* Build configuration list for PBXProject "ldaqiangl_DependencyPackage" */;
			compatibilityVersion = "Xcode 3.2";
			developmentRegion = English;
			hasScannedForEncodings = 0;
			knownRegions = (
				en,
				Base,
			);
			mainGroup = 70F537E91E73047A00244A4B;
			productRefGroup = 70F537F31E73047A00244A4B /* Products */;
			projectDirPath = "";
			projectRoot = "";
			targets = (
				70F537F11E73047A00244A4B /* ldaqiangl_DependencyPackage */,
				70F5380D1E73047A00244A4B /* ldaqiangl_DependencyPackageTests */,
				70F538181E73047A00244A4B /* ldaqiangl_DependencyPackageUITests */,
			);
		};
/* End PBXProject section */

/* Begin PBXResourcesBuildPhase section */
		70F537F01E73047A00244A4B /* Resources */ = {
			isa = PBXResourcesBuildPhase;
			buildActionMask = 2147483647;
			files = (
				70F538081E73047A00244A4B /* LaunchScreen.storyboard in Resources */,
				70F538051E73047A00244A4B /* Assets.xcassets in Resources */,
				70F538001E73047A00244A4B /* Main.storyboard in Resources */,
			);
			runOnlyForDeploymentPostprocessing = 0;
		};
		70F5380C1E73047A00244A4B /* Resources */ = {
			isa = PBXResourcesBuildPhase;
			buildActionMask = 2147483647;
			files = (
			);
			runOnlyForDeploymentPostprocessing = 0;
		};
		70F538171E73047A00244A4B /* Resources */ = {
			isa = PBXResourcesBuildPhase;
			buildActionMask = 2147483647;
			files = (
			);
			runOnlyForDeploymentPostprocessing = 0;
		};
/* End PBXResourcesBuildPhase section */

/* Begin PBXShellScriptBuildPhase section */
		29F79B4660543E3D10E5A159 /* [CP] Embed Pods Frameworks */ = {
			isa = PBXShellScriptBuildPhase;
			buildActionMask = 2147483647;
			files = (
			);
			inputPaths = (
			);
			name = "[CP] Embed Pods Frameworks";
			outputPaths = (
			);
			runOnlyForDeploymentPostprocessing = 0;
			shellPath = /bin/sh;
			shellScript = "\"${SRCROOT}/Pods/Target Support Files/Pods-ldaqiangl_DependencyPackageTests/Pods-ldaqiangl_DependencyPackageTests-frameworks.sh\"\n";
			showEnvVarsInLog = 0;
		};
		309700E1A5D237EE585DF36A /* [CP] Check Pods Manifest.lock */ = {
			isa = PBXShellScriptBuildPhase;
			buildActionMask = 2147483647;
			files = (
			);
			inputPaths = (
			);
			name = "[CP] Check Pods Manifest.lock";
			outputPaths = (
			);
			runOnlyForDeploymentPostprocessing = 0;
			shellPath = /bin/sh;
			shellScript = "diff \"${PODS_ROOT}/../Podfile.lock\" \"${PODS_ROOT}/Manifest.lock\" > /dev/null\nif [ $? != 0 ] ; then\n    # print error to STDERR\n    echo \"error: The sandbox is not in sync with the Podfile.lock. Run 'pod install' or update your CocoaPods installation.\" >&2\n    exit 1\nfi\n";
			showEnvVarsInLog = 0;
		};
		64BA154625C8CCB7277A6304 /* [CP] Check Pods Manifest.lock */ = {
			isa = PBXShellScriptBuildPhase;
			buildActionMask = 2147483647;
			files = (
			);
			inputPaths = (
			);
			name = "[CP] Check Pods Manifest.lock";
			outputPaths = (
			);
			runOnlyForDeploymentPostprocessing = 0;
			shellPath = /bin/sh;
			shellScript = "diff \"${PODS_ROOT}/../Podfile.lock\" \"${PODS_ROOT}/Manifest.lock\" > /dev/null\nif [ $? != 0 ] ; then\n    # print error to STDERR\n    echo \"error: The sandbox is not in sync with the Podfile.lock. Run 'pod install' or update your CocoaPods installation.\" >&2\n    exit 1\nfi\n";
			showEnvVarsInLog = 0;
		};
		A0EF84F7766B244385AE71FE /* [CP] Copy Pods Resources */ = {
			isa = PBXShellScriptBuildPhase;
			buildActionMask = 2147483647;
			files = (
			);
			inputPaths = (
			);
			name = "[CP] Copy Pods Resources";
			outputPaths = (
			);
			runOnlyForDeploymentPostprocessing = 0;
			shellPath = /bin/sh;
			shellScript = "\"${SRCROOT}/Pods/Target Support Files/Pods-ldaqiangl_DependencyPackageTests/Pods-ldaqiangl_DependencyPackageTests-resources.sh\"\n";
			showEnvVarsInLog = 0;
		};
		A675EE78E0FE16748EA0E45A /* [CP] Embed Pods Frameworks */ = {
			isa = PBXShellScriptBuildPhase;
			buildActionMask = 2147483647;
			files = (
			);
			inputPaths = (
			);
			name = "[CP] Embed Pods Frameworks";
			outputPaths = (
			);
			runOnlyForDeploymentPostprocessing = 0;
			shellPath = /bin/sh;
			shellScript = "\"${SRCROOT}/Pods/Target Support Files/Pods-ldaqiangl_DependencyPackage/Pods-ldaqiangl_DependencyPackage-frameworks.sh\"\n";
			showEnvVarsInLog = 0;
		};
		ED702DBD82B14F6E6D4E0753 /* [CP] Copy Pods Resources */ = {
			isa = PBXShellScriptBuildPhase;
			buildActionMask = 2147483647;
			files = (
			);
			inputPaths = (
			);
			name = "[CP] Copy Pods Resources";
			outputPaths = (
			);
			runOnlyForDeploymentPostprocessing = 0;
			shellPath = /bin/sh;
			shellScript = "\"${SRCROOT}/Pods/Target Support Files/Pods-ldaqiangl_DependencyPackage/Pods-ldaqiangl_DependencyPackage-resources.sh\"\n";
			showEnvVarsInLog = 0;
		};
/* End PBXShellScriptBuildPhase section */

/* Begin PBXSourcesBuildPhase section */
		70F537EE1E73047A00244A4B /* Sources */ = {
			isa = PBXSourcesBuildPhase;
			buildActionMask = 2147483647;
			files = (
				70F537FD1E73047A00244A4B /* ViewController.m in Sources */,
				70F537FA1E73047A00244A4B /* AppDelegate.m in Sources */,
				70F537F71E73047A00244A4B /* main.m in Sources */,
				70F538031E73047A00244A4B /* ldaqiangl_DependencyPackage.xcdatamodeld in Sources */,
			);
			runOnlyForDeploymentPostprocessing = 0;
		};
		70F5380A1E73047A00244A4B /* Sources */ = {
			isa = PBXSourcesBuildPhase;
			buildActionMask = 2147483647;
			files = (
				70F538131E73047A00244A4B /* ldaqiangl_DependencyPackageTests.m in Sources */,
			);
			runOnlyForDeploymentPostprocessing = 0;
		};
		70F538151E73047A00244A4B /* Sources */ = {
			isa = PBXSourcesBuildPhase;
			buildActionMask = 2147483647;
			files = (
				70F5381E1E73047A00244A4B /* ldaqiangl_DependencyPackageUITests.m in Sources */,
			);
			runOnlyForDeploymentPostprocessing = 0;
		};
/* End PBXSourcesBuildPhase section */

/* Begin PBXTargetDependency section */
		70F538101E73047A00244A4B /* PBXTargetDependency */ = {
			isa = PBXTargetDependency;
			target = 70F537F11E73047A00244A4B /* ldaqiangl_DependencyPackage */;
			targetProxy = 70F5380F1E73047A00244A4B /* PBXContainerItemProxy */;
		};
		70F5381B1E73047A00244A4B /* PBXTargetDependency */ = {
			isa = PBXTargetDependency;
			target = 70F537F11E73047A00244A4B /* ldaqiangl_DependencyPackage */;
			targetProxy = 70F5381A1E73047A00244A4B /* PBXContainerItemProxy */;
		};
/* End PBXTargetDependency section */

/* Begin PBXVariantGroup section */
		70F537FE1E73047A00244A4B /* Main.storyboard */ = {
			isa = PBXVariantGroup;
			children = (
				70F537FF1E73047A00244A4B /* Base */,
			);
			name = Main.storyboard;
			sourceTree = "<group>";
		};
		70F538061E73047A00244A4B /* LaunchScreen.storyboard */ = {
			isa = PBXVariantGroup;
			children = (
				70F538071E73047A00244A4B /* Base */,
			);
			name = LaunchScreen.storyboard;
			sourceTree = "<group>";
		};
/* End PBXVariantGroup section */

/* Begin XCBuildConfiguration section */
		70F538201E73047A00244A4B /* Debug */ = {
			isa = XCBuildConfiguration;
			buildSettings = {
				ALWAYS_SEARCH_USER_PATHS = NO;
				CLANG_ANALYZER_NONNULL = YES;
				CLANG_CXX_LANGUAGE_STANDARD = "gnu++0x";
				CLANG_CXX_LIBRARY = "libc++";
				CLANG_ENABLE_MODULES = YES;
				CLANG_ENABLE_OBJC_ARC = YES;
				CLANG_WARN_BOOL_CONVERSION = YES;
				CLANG_WARN_CONSTANT_CONVERSION = YES;
				CLANG_WARN_DIRECT_OBJC_ISA_USAGE = YES_ERROR;
				CLANG_WARN_DOCUMENTATION_COMMENTS = YES;
				CLANG_WARN_EMPTY_BODY = YES;
				CLANG_WARN_ENUM_CONVERSION = YES;
				CLANG_WARN_INFINITE_RECURSION = YES;
				CLANG_WARN_INT_CONVERSION = YES;
				CLANG_WARN_OBJC_ROOT_CLASS = YES_ERROR;
				CLANG_WARN_SUSPICIOUS_MOVE = YES;
				CLANG_WARN_UNREACHABLE_CODE = YES;
				CLANG_WARN__DUPLICATE_METHOD_MATCH = YES;
				"CODE_SIGN_IDENTITY[sdk=iphoneos*]" = "iPhone Developer";
				COPY_PHASE_STRIP = NO;
				DEBUG_INFORMATION_FORMAT = dwarf;
				ENABLE_STRICT_OBJC_MSGSEND = YES;
				ENABLE_TESTABILITY = YES;
				GCC_C_LANGUAGE_STANDARD = gnu99;
				GCC_DYNAMIC_NO_PIC = NO;
				GCC_NO_COMMON_BLOCKS = YES;
				GCC_OPTIMIZATION_LEVEL = 0;
				GCC_PREPROCESSOR_DEFINITIONS = (
					"DEBUG=1",
					"$(inherited)",
				);
				GCC_WARN_64_TO_32_BIT_CONVERSION = YES;
				GCC_WARN_ABOUT_RETURN_TYPE = YES_ERROR;
				GCC_WARN_UNDECLARED_SELECTOR = YES;
				GCC_WARN_UNINITIALIZED_AUTOS = YES_AGGRESSIVE;
				GCC_WARN_UNUSED_FUNCTION = YES;
				GCC_WARN_UNUSED_VARIABLE = YES;
				IPHONEOS_DEPLOYMENT_TARGET = 10.2;
				MTL_ENABLE_DEBUG_INFO = YES;
				ONLY_ACTIVE_ARCH = YES;
				SDKROOT = iphoneos;
			};
			name = Debug;
		};
		70F538211E73047A00244A4B /* Release */ = {
			isa = XCBuildConfiguration;
			buildSettings = {
				ALWAYS_SEARCH_USER_PATHS = NO;
				CLANG_ANALYZER_NONNULL = YES;
				CLANG_CXX_LANGUAGE_STANDARD = "gnu++0x";
				CLANG_CXX_LIBRARY = "libc++";
				CLANG_ENABLE_MODULES = YES;
				CLANG_ENABLE_OBJC_ARC = YES;
				CLANG_WARN_BOOL_CONVERSION = YES;
				CLANG_WARN_CONSTANT_CONVERSION = YES;
				CLANG_WARN_DIRECT_OBJC_ISA_USAGE = YES_ERROR;
				CLANG_WARN_DOCUMENTATION_COMMENTS = YES;
				CLANG_WARN_EMPTY_BODY = YES;
				CLANG_WARN_ENUM_CONVERSION = YES;
				CLANG_WARN_INFINITE_RECURSION = YES;
				CLANG_WARN_INT_CONVERSION = YES;
				CLANG_WARN_OBJC_ROOT_CLASS = YES_ERROR;
				CLANG_WARN_SUSPICIOUS_MOVE = YES;
				CLANG_WARN_UNREACHABLE_CODE = YES;
				CLANG_WARN__DUPLICATE_METHOD_MATCH = YES;
				"CODE_SIGN_IDENTITY[sdk=iphoneos*]" = "iPhone Developer";
				COPY_PHASE_STRIP = NO;
				DEBUG_INFORMATION_FORMAT = "dwarf-with-dsym";
				ENABLE_NS_ASSERTIONS = NO;
				ENABLE_STRICT_OBJC_MSGSEND = YES;
				GCC_C_LANGUAGE_STANDARD = gnu99;
				GCC_NO_COMMON_BLOCKS = YES;
				GCC_WARN_64_TO_32_BIT_CONVERSION = YES;
				GCC_WARN_ABOUT_RETURN_TYPE = YES_ERROR;
				GCC_WARN_UNDECLARED_SELECTOR = YES;
				GCC_WARN_UNINITIALIZED_AUTOS = YES_AGGRESSIVE;
				GCC_WARN_UNUSED_FUNCTION = YES;
				GCC_WARN_UNUSED_VARIABLE = YES;
				IPHONEOS_DEPLOYMENT_TARGET = 10.2;
				MTL_ENABLE_DEBUG_INFO = NO;
				SDKROOT = iphoneos;
				VALIDATE_PRODUCT = YES;
			};
			name = Release;
		};
		70F538231E73047A00244A4B /* Debug */ = {
			isa = XCBuildConfiguration;
			baseConfigurationReference = 81AEAC67B048B0F5F63F5A14 /* Pods-ldaqiangl_DependencyPackage.debug.xcconfig */;
			buildSettings = {
				ASSETCATALOG_COMPILER_APPICON_NAME = AppIcon;
				DEVELOPMENT_TEAM = 499ZMK3BCX;
				INFOPLIST_FILE = ldaqiangl_DependencyPackage/Info.plist;
				LD_RUNPATH_SEARCH_PATHS = "$(inherited) @executable_path/Frameworks";
				PRODUCT_BUNDLE_IDENTIFIER = "com.ldaqiangl.ldaqiangl-DependencyPackage";
				PRODUCT_NAME = "$(TARGET_NAME)";
			};
			name = Debug;
		};
		70F538241E73047A00244A4B /* Release */ = {
			isa = XCBuildConfiguration;
			baseConfigurationReference = 591DD6D101E2FA8C94B79723 /* Pods-ldaqiangl_DependencyPackage.release.xcconfig */;
			buildSettings = {
				ASSETCATALOG_COMPILER_APPICON_NAME = AppIcon;
				DEVELOPMENT_TEAM = 499ZMK3BCX;
				INFOPLIST_FILE = ldaqiangl_DependencyPackage/Info.plist;
				LD_RUNPATH_SEARCH_PATHS = "$(inherited) @executable_path/Frameworks";
				PRODUCT_BUNDLE_IDENTIFIER = "com.ldaqiangl.ldaqiangl-DependencyPackage";
				PRODUCT_NAME = "$(TARGET_NAME)";
			};
			name = Release;
		};
		70F538261E73047A00244A4B /* Debug */ = {
			isa = XCBuildConfiguration;
			baseConfigurationReference = 3674B9FC2CA859405F73D7F8 /* Pods-ldaqiangl_DependencyPackageTests.debug.xcconfig */;
			buildSettings = {
				BUNDLE_LOADER = "$(TEST_HOST)";
				DEVELOPMENT_TEAM = 499ZMK3BCX;
				INFOPLIST_FILE = ldaqiangl_DependencyPackageTests/Info.plist;
				LD_RUNPATH_SEARCH_PATHS = "$(inherited) @executable_path/Frameworks @loader_path/Frameworks";
				PRODUCT_BUNDLE_IDENTIFIER = "com.ldaqiangl.ldaqiangl-DependencyPackageTests";
				PRODUCT_NAME = "$(TARGET_NAME)";
				TEST_HOST = "$(BUILT_PRODUCTS_DIR)/ldaqiangl_DependencyPackage.app/ldaqiangl_DependencyPackage";
			};
			name = Debug;
		};
		70F538271E73047A00244A4B /* Release */ = {
			isa = XCBuildConfiguration;
			baseConfigurationReference = 31885AFF1EE620306B4B0160 /* Pods-ldaqiangl_DependencyPackageTests.release.xcconfig */;
			buildSettings = {
				BUNDLE_LOADER = "$(TEST_HOST)";
				DEVELOPMENT_TEAM = 499ZMK3BCX;
				INFOPLIST_FILE = ldaqiangl_DependencyPackageTests/Info.plist;
				LD_RUNPATH_SEARCH_PATHS = "$(inherited) @executable_path/Frameworks @loader_path/Frameworks";
				PRODUCT_BUNDLE_IDENTIFIER = "com.ldaqiangl.ldaqiangl-DependencyPackageTests";
				PRODUCT_NAME = "$(TARGET_NAME)";
				TEST_HOST = "$(BUILT_PRODUCTS_DIR)/ldaqiangl_DependencyPackage.app/ldaqiangl_DependencyPackage";
			};
			name = Release;
		};
		70F538291E73047A00244A4B /* Debug */ = {
			isa = XCBuildConfiguration;
			buildSettings = {
				DEVELOPMENT_TEAM = 499ZMK3BCX;
				INFOPLIST_FILE = ldaqiangl_DependencyPackageUITests/Info.plist;
				LD_RUNPATH_SEARCH_PATHS = "$(inherited) @executable_path/Frameworks @loader_path/Frameworks";
				PRODUCT_BUNDLE_IDENTIFIER = "com.ldaqiangl.ldaqiangl-DependencyPackageUITests";
				PRODUCT_NAME = "$(TARGET_NAME)";
				TEST_TARGET_NAME = ldaqiangl_DependencyPackage;
			};
			name = Debug;
		};
		70F5382A1E73047A00244A4B /* Release */ = {
			isa = XCBuildConfiguration;
			buildSettings = {
				DEVELOPMENT_TEAM = 499ZMK3BCX;
				INFOPLIST_FILE = ldaqiangl_DependencyPackageUITests/Info.plist;
				LD_RUNPATH_SEARCH_PATHS = "$(inherited) @executable_path/Frameworks @loader_path/Frameworks";
				PRODUCT_BUNDLE_IDENTIFIER = "com.ldaqiangl.ldaqiangl-DependencyPackageUITests";
				PRODUCT_NAME = "$(TARGET_NAME)";
				TEST_TARGET_NAME = ldaqiangl_DependencyPackage;
			};
			name = Release;
		};
/* End XCBuildConfiguration section */

/* Begin XCConfigurationList section */
		70F537ED1E73047A00244A4B /* Build configuration list for PBXProject "ldaqiangl_DependencyPackage" */ = {
			isa = XCConfigurationList;
			buildConfigurations = (
				70F538201E73047A00244A4B /* Debug */,
				70F538211E73047A00244A4B /* Release */,
			);
			defaultConfigurationIsVisible = 0;
			defaultConfigurationName = Release;
		};
		70F538221E73047A00244A4B /* Build configuration list for PBXNativeTarget "ldaqiangl_DependencyPackage" */ = {
			isa = XCConfigurationList;
			buildConfigurations = (
				70F538231E73047A00244A4B /* Debug */,
				70F538241E73047A00244A4B /* Release */,
			);
			defaultConfigurationIsVisible = 0;
		};
		70F538251E73047A00244A4B /* Build configuration list for PBXNativeTarget "ldaqiangl_DependencyPackageTests" */ = {
			isa = XCConfigurationList;
			buildConfigurations = (
				70F538261E73047A00244A4B /* Debug */,
				70F538271E73047A00244A4B /* Release */,
			);
			defaultConfigurationIsVisible = 0;
		};
		70F538281E73047A00244A4B /* Build configuration list for PBXNativeTarget "ldaqiangl_DependencyPackageUITests" */ = {
			isa = XCConfigurationList;
			buildConfigurations = (
				70F538291E73047A00244A4B /* Debug */,
				70F5382A1E73047A00244A4B /* Release */,
			);
			defaultConfigurationIsVisible = 0;
		};
/* End XCConfigurationList section */

/* Begin XCVersionGroup section */
		70F538011E73047A00244A4B /* ldaqiangl_DependencyPackage.xcdatamodeld */ = {
			isa = XCVersionGroup;
			children = (
				70F538021E73047A00244A4B /* ldaqiangl_DependencyPackage.xcdatamodel */,
			);
			currentVersion = 70F538021E73047A00244A4B /* ldaqiangl_DependencyPackage.xcdatamodel */;
			path = ldaqiangl_DependencyPackage.xcdatamodeld;
			sourceTree = "<group>";
			versionGroupType = wrapper.xcdatamodel;
		};
/* End XCVersionGroup section */
	};
	rootObject = 70F537EA1E73047A00244A4B /* Project object */;
}
